# THIS IS AN AUTOGENERATED FILE. DO NOT EDIT THIS FILE DIRECTLY.
# yarn lockfile v1


"@babel/standalone@^7.4.3":
  version "7.4.3"
  resolved "http://registry.npm.taobao.org/@babel/standalone/download/@babel/standalone-7.4.3.tgz#3b01c553feff68c7d15ba66a0d9675a2d6a5458b"
  integrity sha1-OwHFU/7/aMfRW6ZqDZZ1otalRYs=

"js-tokens@^3.0.0 || ^4.0.0":
  version "4.0.0"
  resolved "http://registry.npm.taobao.org/js-tokens/download/js-tokens-4.0.0.tgz#19203fb59991df98e3a287050d4647cdeaf32499"
  integrity sha1-GSA/tZmR35jjoocFDUZHzerzJJk=

loose-envify@^1.1.0, loose-envify@^1.4.0:
  version "1.4.0"
  resolved "http://registry.npm.taobao.org/loose-envify/download/loose-envify-1.4.0.tgz#71ee51fa7be4caec1a63839f7e682d8132d30caf"
  integrity sha1-ce5R+nvkyuwaY4OffmgtgTLTDK8=
  dependencies:
    js-tokens "^3.0.0 || ^4.0.0"

object-assign@^4.1.1:
  version "4.1.1"
  resolved "http://registry.npm.taobao.org/object-assign/download/object-assign-4.1.1.tgz#2109adc7965887cfc05cbbd442cac8bfbb360863"
  integrity sha1-IQmtx5ZYh8/AXLvUQsrIv7s2CGM=

prop-types@^15.6.2:
  version "15.7.2"
  resolved "http://registry.npm.taobao.org/prop-types/download/prop-types-15.7.2.tgz#52c41e75b8c87e72b9d9360e0206b99dcbffa6c5"
  integrity sha1-UsQedbjIfnK52TYOAga5ncv/psU=
  dependencies:
    loose-envify "^1.4.0"
    object-assign "^4.1.1"
    react-is "^16.8.1"

react-dom@^16.8.6:
  version "16.8.6"
  resolved "http://registry.npm.taobao.org/react-dom/download/react-dom-16.8.6.tgz#71d6303f631e8b0097f56165ef608f051ff6e10f"
  integrity sha1-cdYwP2MeiwCX9WFl72CPBR/24Q8=
  dependencies:
    loose-envify "^1.1.0"
    object-assign "^4.1.1"
    prop-types "^15.6.2"
    scheduler "^0.13.6"

react-is@^16.8.1:
  version "16.8.6"
  resolved "http://registry.npm.taobao.org/react-is/download/react-is-16.8.6.tgz#5bbc1e2d29141c9fbdfed456343fe2bc430a6a16"
  integrity sha1-W7weLSkUHJ+9/tRWND/ivEMKahY=

react@^16.8.6:
  version "16.8.6"
  resolved "http://registry.npm.taobao.org/react/download/react-16.8.6.tgz#ad6c3a9614fd3a4e9ef51117f54d888da01f2bbe"
  integrity sha1-rWw6lhT9Ok6e9REX9U2IjaAfK74=
  dependencies:
    loose-envify "^1.1.0"
    object-assign "^4.1.1"
    prop-types "^15.6.2"
    scheduler "^0.13.6"

scheduler@^0.13.6:
  version "0.13.6"
  resolved "http://registry.npm.taobao.org/scheduler/download/scheduler-0.13.6.tgz#466a4ec332467b31a91b9bf74e5347072e4cd889"
  integrity sha1-RmpOwzJGezGpG5v3TlNHBy5M2Ik=
  dependencies:
    loose-envify "^1.1.0"
    object-assign "^4.1.1"

todomvc-app-css@^2.0.0:
  version "2.2.0"
  resolved "http://registry.npm.taobao.org/todomvc-app-css/download/todomvc-app-css-2.2.0.tgz#6f84b15d9d4e0cf186679489fb236050c822de11"
  integrity sha1-b4SxXZ1ODPGGZ5SJ+yNgUMgi3hE=

todomvc-common@^1.0.0:
  version "1.0.5"
  resolved "http://registry.npm.taobao.org/todomvc-common/download/todomvc-common-1.0.5.tgz#8c3e799ac9f1fc1573e0c204f984510826914730"
  integrity sha1-jD55msnx/BVz4MIE+YRRCCaRRzA=
